
Microsoft Visual Studio Solution File, Format Version 12.00
# Visual Studio Version 17
VisualStudioVersion = 17.9.34616.47
MinimumVisualStudioVersion = 10.0.40219.1
Project("{FAE04EC0-301F-11D3-BF4B-00C04F79EFBC}") = "CarRentalWebApp", "CarRentalWebApp\CarRentalWebApp.csproj", "{4834EB41-D4A5-47D9-9DF6-7125F6E36631}"
EndProject
Global
	GlobalSection(SolutionConfigurationPlatforms) = preSolution
		Debug|Any CPU = Debug|Any CPU
		Release|Any CPU = Release|Any CPU
	EndGlobalSection
	GlobalSection(ProjectConfigurationPlatforms) = postSolution
		{4834EB41-D4A5-47D9-9DF6-7125F6E36631}.Debug|Any CPU.ActiveCfg = Debug|Any CPU
		{4834EB41-D4A5-47D9-9DF6-7125F6E36631}.Debug|Any CPU.Build.0 = Debug|Any CPU
		{4834EB41-D4A5-47D9-9DF6-7125F6E36631}.Release|Any CPU.ActiveCfg = Release|Any CPU
		{4834EB41-D4A5-47D9-9DF6-7125F6E36631}.Release|Any CPU.Build.0 = Release|Any CPU
	EndGlobalSection
	GlobalSection(SolutionProperties) = preSolution
		HideSolutionNode = FALSE
	EndGlobalSection
	GlobalSection(ExtensibilityGlobals) = postSolution
		SolutionGuid = {D037D5A1-AD76-4A6C-945F-D3AB0C85D5C8}
	EndGlobalSection
EndGlobal
